Microsoft Visual Studio Solution File, Format Version 12.00
# Visual Studio Version 17
VisualStudioVersion = 17.5.2.0
MinimumVisualStudioVersion = 10.0.40219.1
Project("{FAE04EC0-301F-11D3-BF4B-00C04F79EFBC}") = "Task Manager", "Task Manager.csproj", "{9591FB77-3B8E-D68B-B41F-F2D370E8FDFC}"
EndProject
Global
	GlobalSection(SolutionConfigurationPlatforms) = preSolution
		Debug|Any CPU = Debug|Any CPU
		Release|Any CPU = Release|Any CPU
	EndGlobalSection
	GlobalSection(ProjectConfigurationPlatforms) = postSolution
		{9591FB77-3B8E-D68B-B41F-F2D370E8FDFC}.Debug|Any CPU.ActiveCfg = Debug|Any CPU
		{9591FB77-3B8E-D68B-B41F-F2D370E8FDFC}.Debug|Any CPU.Build.0 = Debug|Any CPU
		{9591FB77-3B8E-D68B-B41F-F2D370E8FDFC}.Release|Any CPU.ActiveCfg = Release|Any CPU
		{9591FB77-3B8E-D68B-B41F-F2D370E8FDFC}.Release|Any CPU.Build.0 = Release|Any CPU
	EndGlobalSection
	GlobalSection(SolutionProperties) = preSolution
		HideSolutionNode = FALSE
	EndGlobalSection
	GlobalSection(ExtensibilityGlobals) = postSolution
		SolutionGuid = {D330D37B-FE84-451E-B66B-EB8D8BBAAFE4}
	EndGlobalSection
EndGlobal
